
Microsoft Visual Studio Solution File, Format Version 12.00
Project("{FAE04EC0-301F-11D3-BF4B-00C04F79EFBC}") = "DeliveryController", "DeliveryController\DeliveryController.csproj", "{313715BA-7DFF-4B32-855C-8D2922E62232}"
EndProject
Project("{FAE04EC0-301F-11D3-BF4B-00C04F79EFBC}") = "DeliveryControllerTest", "DeliveryControllerTest\DeliveryControllerTest.csproj", "{E527CE9D-DE64-41FD-9763-D921E86F793F}"
EndProject
Global
	GlobalSection(SolutionConfigurationPlatforms) = preSolution
		Debug|Any CPU = Debug|Any CPU
		Release|Any CPU = Release|Any CPU
	EndGlobalSection
	GlobalSection(ProjectConfigurationPlatforms) = postSolution
		{313715BA-7DFF-4B32-855C-8D2922E62232}.Debug|Any CPU.ActiveCfg = Debug|Any CPU
		{313715BA-7DFF-4B32-855C-8D2922E62232}.Debug|Any CPU.Build.0 = Debug|Any CPU
		{313715BA-7DFF-4B32-855C-8D2922E62232}.Release|Any CPU.ActiveCfg = Release|Any CPU
		{313715BA-7DFF-4B32-855C-8D2922E62232}.Release|Any CPU.Build.0 = Release|Any CPU
		{E527CE9D-DE64-41FD-9763-D921E86F793F}.Debug|Any CPU.ActiveCfg = Debug|Any CPU
		{E527CE9D-DE64-41FD-9763-D921E86F793F}.Debug|Any CPU.Build.0 = Debug|Any CPU
		{E527CE9D-DE64-41FD-9763-D921E86F793F}.Release|Any CPU.ActiveCfg = Release|Any CPU
		{E527CE9D-DE64-41FD-9763-D921E86F793F}.Release|Any CPU.Build.0 = Release|Any CPU
	EndGlobalSection
EndGlobal
